
Microsoft Visual Studio Solution File, Format Version 12.00
# Visual Studio Version 17
VisualStudioVersion = 17.1.32421.90
MinimumVisualStudioVersion = 10.0.40219.1
Project("{2150E333-8FDC-42A3-9474-1A3956D46DE8}") = "2. Data Layer", "2. Data Layer", "{F1994453-E69A-43AC-8B07-81AF723C3249}"
EndProject
Project("{9A19103F-16F7-4668-BE54-9A1E7A4F7556}") = "DataAccess", "DataAccess\DataAccess.csproj", "{D61916F2-E9CC-404B-A2C9-4AC5C1FBF48B}"
EndProject
Project("{2150E333-8FDC-42A3-9474-1A3956D46DE8}") = "1. Presentation Layer", "1. Presentation Layer", "{3D4A2935-B355-487E-AA4A-390BC941E01E}"
EndProject
Project("{9A19103F-16F7-4668-BE54-9A1E7A4F7556}") = "SalesWinApp", "SalesWinApp\SalesWinApp.csproj", "{6DED78F2-8065-451A-AAC2-274CC7461588}"
EndProject
Global
	GlobalSection(SolutionConfigurationPlatforms) = preSolution
		Debug|Any CPU = Debug|Any CPU
		Release|Any CPU = Release|Any CPU
	EndGlobalSection
	GlobalSection(ProjectConfigurationPlatforms) = postSolution
		{D61916F2-E9CC-404B-A2C9-4AC5C1FBF48B}.Debug|Any CPU.ActiveCfg = Debug|Any CPU
		{D61916F2-E9CC-404B-A2C9-4AC5C1FBF48B}.Debug|Any CPU.Build.0 = Debug|Any CPU
		{D61916F2-E9CC-404B-A2C9-4AC5C1FBF48B}.Release|Any CPU.ActiveCfg = Release|Any CPU
		{D61916F2-E9CC-404B-A2C9-4AC5C1FBF48B}.Release|Any CPU.Build.0 = Release|Any CPU
		{6DED78F2-8065-451A-AAC2-274CC7461588}.Debug|Any CPU.ActiveCfg = Debug|Any CPU
		{6DED78F2-8065-451A-AAC2-274CC7461588}.Debug|Any CPU.Build.0 = Debug|Any CPU
		{6DED78F2-8065-451A-AAC2-274CC7461588}.Release|Any CPU.ActiveCfg = Release|Any CPU
		{6DED78F2-8065-451A-AAC2-274CC7461588}.Release|Any CPU.Build.0 = Release|Any CPU
	EndGlobalSection
	GlobalSection(SolutionProperties) = preSolution
		HideSolutionNode = FALSE
	EndGlobalSection
	GlobalSection(NestedProjects) = preSolution
		{D61916F2-E9CC-404B-A2C9-4AC5C1FBF48B} = {F1994453-E69A-43AC-8B07-81AF723C3249}
		{6DED78F2-8065-451A-AAC2-274CC7461588} = {3D4A2935-B355-487E-AA4A-390BC941E01E}
	EndGlobalSection
	GlobalSection(ExtensibilityGlobals) = postSolution
		SolutionGuid = {597A132C-D4B0-40B9-B2E7-FD01CA2D922F}
	EndGlobalSection
EndGlobal
